
Microsoft Visual Studio Solution File, Format Version 12.00
# Visual Studio Version 17
VisualStudioVersion = 17.3.32811.315
MinimumVisualStudioVersion = 10.0.40219.1
Project("{FAE04EC0-301F-11D3-BF4B-00C04F79EFBC}") = "Array Övning 5.2", "Array Övning 5.2\Array Övning 5.2.csproj", "{E2892418-0AF0-424F-9ADC-BE53BCB9E08E}"
EndProject
Global
	GlobalSection(SolutionConfigurationPlatforms) = preSolution
		Debug|Any CPU = Debug|Any CPU
		Release|Any CPU = Release|Any CPU
	EndGlobalSection
	GlobalSection(ProjectConfigurationPlatforms) = postSolution
		{E2892418-0AF0-424F-9ADC-BE53BCB9E08E}.Debug|Any CPU.ActiveCfg = Debug|Any CPU
		{E2892418-0AF0-424F-9ADC-BE53BCB9E08E}.Debug|Any CPU.Build.0 = Debug|Any CPU
		{E2892418-0AF0-424F-9ADC-BE53BCB9E08E}.Release|Any CPU.ActiveCfg = Release|Any CPU
		{E2892418-0AF0-424F-9ADC-BE53BCB9E08E}.Release|Any CPU.Build.0 = Release|Any CPU
	EndGlobalSection
	GlobalSection(SolutionProperties) = preSolution
		HideSolutionNode = FALSE
	EndGlobalSection
	GlobalSection(ExtensibilityGlobals) = postSolution
		SolutionGuid = {2F81DB6D-F0C3-4B11-9543-E2F2E8ECDAC0}
	EndGlobalSection
EndGlobal
